
Microsoft Visual Studio Solution File, Format Version 12.00
# Visual Studio Version 18
VisualStudioVersion = 18.0.11205.157 d18.0
MinimumVisualStudioVersion = 10.0.40219.1
Project("{2150E333-8FDC-42A3-9474-1A3956D46DE8}") = "Host", "Host", "{02EA681E-C7D8-13C7-8484-4AC65E1B71E8}"
EndProject
Project("{FAE04EC0-301F-11D3-BF4B-00C04F79EFBC}") = "CSAPI", "Host\CSAPI\CSAPI.csproj", "{A889C146-DA0D-8B83-AF79-DBE566A1619F}"
EndProject
Project("{2150E333-8FDC-42A3-9474-1A3956D46DE8}") = "Infra", "Infra", "{AB6421B9-CBB3-41D4-B3A8-A911D54E770D}"
EndProject
Project("{FAE04EC0-301F-11D3-BF4B-00C04F79EFBC}") = "BS", "Infrastructure\CSPInfra\BS\BS.csproj", "{34244DF8-1B06-D636-9981-739DED53C0E3}"
EndProject
Project("{FAE04EC0-301F-11D3-BF4B-00C04F79EFBC}") = "DA", "Infrastructure\CSPInfra\DA\DA.csproj", "{D3A19704-66E6-4EEB-4068-077D7159DA59}"
EndProject
Project("{FAE04EC0-301F-11D3-BF4B-00C04F79EFBC}") = "DM", "Infrastructure\CSPInfra\DM\DM.csproj", "{E78850AE-4A5F-8BE1-C6EA-47BB3966EB93}"
EndProject
Project("{2150E333-8FDC-42A3-9474-1A3956D46DE8}") = "Utilities", "Utilities", "{1CFD0D3E-C42C-40DF-B20E-AE2EED29408A}"
EndProject
Project("{FAE04EC0-301F-11D3-BF4B-00C04F79EFBC}") = "AuthProvider", "Utility\AuthProvider\AuthProvider.csproj", "{A6A5F059-7B63-09F3-15D4-425A65350770}"
EndProject
Project("{FAE04EC0-301F-11D3-BF4B-00C04F79EFBC}") = "CustomHTTP", "Utility\CustomHTTP\CustomHTTP.csproj", "{6692C29A-913C-D718-C346-C11E40A3EF24}"
EndProject
Project("{FAE04EC0-301F-11D3-BF4B-00C04F79EFBC}") = "EmailSender", "Utility\EmailSender\EmailSender.csproj", "{B2D38111-149E-0ECB-8328-916C78BC43EB}"
EndProject
Project("{FAE04EC0-301F-11D3-BF4B-00C04F79EFBC}") = "EndpointGRPC", "Utility\EndpointExposerGRPC\EndpointGRPC.csproj", "{55B270FA-724E-4AAC-8972-FD9D7FA24F04}"
EndProject
Project("{FAE04EC0-301F-11D3-BF4B-00C04F79EFBC}") = "GenericRepository", "Utility\GenericRepository\GenericRepository.csproj", "{48D46683-8246-40AA-48F0-3F1143AFBCE5}"
EndProject
Project("{FAE04EC0-301F-11D3-BF4B-00C04F79EFBC}") = "Helpers", "Utility\Helpers\Helpers.csproj", "{9607B9AB-0B1A-D128-4242-2FE7FAA5BFF9}"
EndProject
Project("{FAE04EC0-301F-11D3-BF4B-00C04F79EFBC}") = "Logger", "Utility\Logger\Logger.csproj", "{E1C3178F-A1A5-CF7C-0370-161483627E7C}"
EndProject
Project("{FAE04EC0-301F-11D3-BF4B-00C04F79EFBC}") = "SessionManager", "Utility\SessionManager\SessionManager.csproj", "{E01D5090-2491-D542-2C6B-D05A8FA646FE}"
EndProject
Project("{FAE04EC0-301F-11D3-BF4B-00C04F79EFBC}") = "UserActivity", "Utility\UserActivity\UserActivity.csproj", "{A7908F35-BD3E-C066-412E-1A6627E891AD}"
EndProject
Global
	GlobalSection(SolutionConfigurationPlatforms) = preSolution
		Debug|Any CPU = Debug|Any CPU
		Release|Any CPU = Release|Any CPU
	EndGlobalSection
	GlobalSection(ProjectConfigurationPlatforms) = postSolution
		{A889C146-DA0D-8B83-AF79-DBE566A1619F}.Debug|Any CPU.ActiveCfg = Debug|Any CPU
		{A889C146-DA0D-8B83-AF79-DBE566A1619F}.Debug|Any CPU.Build.0 = Debug|Any CPU
		{A889C146-DA0D-8B83-AF79-DBE566A1619F}.Release|Any CPU.ActiveCfg = Release|Any CPU
		{A889C146-DA0D-8B83-AF79-DBE566A1619F}.Release|Any CPU.Build.0 = Release|Any CPU
		{34244DF8-1B06-D636-9981-739DED53C0E3}.Debug|Any CPU.ActiveCfg = Debug|Any CPU
		{34244DF8-1B06-D636-9981-739DED53C0E3}.Debug|Any CPU.Build.0 = Debug|Any CPU
		{34244DF8-1B06-D636-9981-739DED53C0E3}.Release|Any CPU.ActiveCfg = Release|Any CPU
		{34244DF8-1B06-D636-9981-739DED53C0E3}.Release|Any CPU.Build.0 = Release|Any CPU
		{D3A19704-66E6-4EEB-4068-077D7159DA59}.Debug|Any CPU.ActiveCfg = Debug|Any CPU
		{D3A19704-66E6-4EEB-4068-077D7159DA59}.Debug|Any CPU.Build.0 = Debug|Any CPU
		{D3A19704-66E6-4EEB-4068-077D7159DA59}.Release|Any CPU.ActiveCfg = Release|Any CPU
		{D3A19704-66E6-4EEB-4068-077D7159DA59}.Release|Any CPU.Build.0 = Release|Any CPU
		{E78850AE-4A5F-8BE1-C6EA-47BB3966EB93}.Debug|Any CPU.ActiveCfg = Debug|Any CPU
		{E78850AE-4A5F-8BE1-C6EA-47BB3966EB93}.Debug|Any CPU.Build.0 = Debug|Any CPU
		{E78850AE-4A5F-8BE1-C6EA-47BB3966EB93}.Release|Any CPU.ActiveCfg = Release|Any CPU
		{E78850AE-4A5F-8BE1-C6EA-47BB3966EB93}.Release|Any CPU.Build.0 = Release|Any CPU
		{A6A5F059-7B63-09F3-15D4-425A65350770}.Debug|Any CPU.ActiveCfg = Debug|Any CPU
		{A6A5F059-7B63-09F3-15D4-425A65350770}.Debug|Any CPU.Build.0 = Debug|Any CPU
		{A6A5F059-7B63-09F3-15D4-425A65350770}.Release|Any CPU.ActiveCfg = Release|Any CPU
		{A6A5F059-7B63-09F3-15D4-425A65350770}.Release|Any CPU.Build.0 = Release|Any CPU
		{6692C29A-913C-D718-C346-C11E40A3EF24}.Debug|Any CPU.ActiveCfg = Debug|Any CPU
		{6692C29A-913C-D718-C346-C11E40A3EF24}.Debug|Any CPU.Build.0 = Debug|Any CPU
		{6692C29A-913C-D718-C346-C11E40A3EF24}.Release|Any CPU.ActiveCfg = Release|Any CPU
		{6692C29A-913C-D718-C346-C11E40A3EF24}.Release|Any CPU.Build.0 = Release|Any CPU
		{B2D38111-149E-0ECB-8328-916C78BC43EB}.Debug|Any CPU.ActiveCfg = Debug|Any CPU
		{B2D38111-149E-0ECB-8328-916C78BC43EB}.Debug|Any CPU.Build.0 = Debug|Any CPU
		{B2D38111-149E-0ECB-8328-916C78BC43EB}.Release|Any CPU.ActiveCfg = Release|Any CPU
		{B2D38111-149E-0ECB-8328-916C78BC43EB}.Release|Any CPU.Build.0 = Release|Any CPU
		{55B270FA-724E-4AAC-8972-FD9D7FA24F04}.Debug|Any CPU.ActiveCfg = Debug|Any CPU
		{55B270FA-724E-4AAC-8972-FD9D7FA24F04}.Debug|Any CPU.Build.0 = Debug|Any CPU
		{55B270FA-724E-4AAC-8972-FD9D7FA24F04}.Release|Any CPU.ActiveCfg = Release|Any CPU
		{55B270FA-724E-4AAC-8972-FD9D7FA24F04}.Release|Any CPU.Build.0 = Release|Any CPU
		{48D46683-8246-40AA-48F0-3F1143AFBCE5}.Debug|Any CPU.ActiveCfg = Debug|Any CPU
		{48D46683-8246-40AA-48F0-3F1143AFBCE5}.Debug|Any CPU.Build.0 = Debug|Any CPU
		{48D46683-8246-40AA-48F0-3F1143AFBCE5}.Release|Any CPU.ActiveCfg = Release|Any CPU
		{48D46683-8246-40AA-48F0-3F1143AFBCE5}.Release|Any CPU.Build.0 = Release|Any CPU
		{9607B9AB-0B1A-D128-4242-2FE7FAA5BFF9}.Debug|Any CPU.ActiveCfg = Debug|Any CPU
		{9607B9AB-0B1A-D128-4242-2FE7FAA5BFF9}.Debug|Any CPU.Build.0 = Debug|Any CPU
		{9607B9AB-0B1A-D128-4242-2FE7FAA5BFF9}.Release|Any CPU.ActiveCfg = Release|Any CPU
		{9607B9AB-0B1A-D128-4242-2FE7FAA5BFF9}.Release|Any CPU.Build.0 = Release|Any CPU
		{E1C3178F-A1A5-CF7C-0370-161483627E7C}.Debug|Any CPU.ActiveCfg = Debug|Any CPU
		{E1C3178F-A1A5-CF7C-0370-161483627E7C}.Debug|Any CPU.Build.0 = Debug|Any CPU
		{E1C3178F-A1A5-CF7C-0370-161483627E7C}.Release|Any CPU.ActiveCfg = Release|Any CPU
		{E1C3178F-A1A5-CF7C-0370-161483627E7C}.Release|Any CPU.Build.0 = Release|Any CPU
		{E01D5090-2491-D542-2C6B-D05A8FA646FE}.Debug|Any CPU.ActiveCfg = Debug|Any CPU
		{E01D5090-2491-D542-2C6B-D05A8FA646FE}.Debug|Any CPU.Build.0 = Debug|Any CPU
		{E01D5090-2491-D542-2C6B-D05A8FA646FE}.Release|Any CPU.ActiveCfg = Release|Any CPU
		{E01D5090-2491-D542-2C6B-D05A8FA646FE}.Release|Any CPU.Build.0 = Release|Any CPU
		{A7908F35-BD3E-C066-412E-1A6627E891AD}.Debug|Any CPU.ActiveCfg = Debug|Any CPU
		{A7908F35-BD3E-C066-412E-1A6627E891AD}.Debug|Any CPU.Build.0 = Debug|Any CPU
		{A7908F35-BD3E-C066-412E-1A6627E891AD}.Release|Any CPU.ActiveCfg = Release|Any CPU
		{A7908F35-BD3E-C066-412E-1A6627E891AD}.Release|Any CPU.Build.0 = Release|Any CPU
	EndGlobalSection
	GlobalSection(SolutionProperties) = preSolution
		HideSolutionNode = FALSE
	EndGlobalSection
	GlobalSection(NestedProjects) = preSolution
		{A889C146-DA0D-8B83-AF79-DBE566A1619F} = {02EA681E-C7D8-13C7-8484-4AC65E1B71E8}
		{34244DF8-1B06-D636-9981-739DED53C0E3} = {AB6421B9-CBB3-41D4-B3A8-A911D54E770D}
		{D3A19704-66E6-4EEB-4068-077D7159DA59} = {AB6421B9-CBB3-41D4-B3A8-A911D54E770D}
		{E78850AE-4A5F-8BE1-C6EA-47BB3966EB93} = {AB6421B9-CBB3-41D4-B3A8-A911D54E770D}
		{A6A5F059-7B63-09F3-15D4-425A65350770} = {1CFD0D3E-C42C-40DF-B20E-AE2EED29408A}
		{6692C29A-913C-D718-C346-C11E40A3EF24} = {1CFD0D3E-C42C-40DF-B20E-AE2EED29408A}
		{B2D38111-149E-0ECB-8328-916C78BC43EB} = {1CFD0D3E-C42C-40DF-B20E-AE2EED29408A}
		{55B270FA-724E-4AAC-8972-FD9D7FA24F04} = {1CFD0D3E-C42C-40DF-B20E-AE2EED29408A}
		{48D46683-8246-40AA-48F0-3F1143AFBCE5} = {1CFD0D3E-C42C-40DF-B20E-AE2EED29408A}
		{9607B9AB-0B1A-D128-4242-2FE7FAA5BFF9} = {1CFD0D3E-C42C-40DF-B20E-AE2EED29408A}
		{E1C3178F-A1A5-CF7C-0370-161483627E7C} = {1CFD0D3E-C42C-40DF-B20E-AE2EED29408A}
		{E01D5090-2491-D542-2C6B-D05A8FA646FE} = {1CFD0D3E-C42C-40DF-B20E-AE2EED29408A}
		{A7908F35-BD3E-C066-412E-1A6627E891AD} = {1CFD0D3E-C42C-40DF-B20E-AE2EED29408A}
	EndGlobalSection
	GlobalSection(ExtensibilityGlobals) = postSolution
		SolutionGuid = {90C2B07B-D68D-495D-A138-D64FCA4FD840}
	EndGlobalSection
EndGlobal
